
Microsoft Visual Studio Solution File, Format Version 12.00
# Visual Studio 14
VisualStudioVersion = 14.0.25420.1
MinimumVisualStudioVersion = 10.0.40219.1
Project("{FAE04EC0-301F-11D3-BF4B-00C04F79EFBC}") = "SimpleEventBus", "SimpleEventBus\SimpleEventBus.csproj", "{030CDF8B-87C9-4FED-8474-08F7D71D5706}"
EndProject
Project("{FAE04EC0-301F-11D3-BF4B-00C04F79EFBC}") = "SimpleEventBus.Samples", "SimpleEventBus.Samples\SimpleEventBus.Samples.csproj", "{C1C36764-5CF6-48AC-A7C4-4CBAD93E5EC5}"
EndProject
Global
	GlobalSection(SolutionConfigurationPlatforms) = preSolution
		Debug|Any CPU = Debug|Any CPU
		Release|Any CPU = Release|Any CPU
	EndGlobalSection
	GlobalSection(ProjectConfigurationPlatforms) = postSolution
		{030CDF8B-87C9-4FED-8474-08F7D71D5706}.Debug|Any CPU.ActiveCfg = Debug|Any CPU
		{030CDF8B-87C9-4FED-8474-08F7D71D5706}.Debug|Any CPU.Build.0 = Debug|Any CPU
		{030CDF8B-87C9-4FED-8474-08F7D71D5706}.Release|Any CPU.ActiveCfg = Release|Any CPU
		{030CDF8B-87C9-4FED-8474-08F7D71D5706}.Release|Any CPU.Build.0 = Release|Any CPU
		{C1C36764-5CF6-48AC-A7C4-4CBAD93E5EC5}.Debug|Any CPU.ActiveCfg = Debug|Any CPU
		{C1C36764-5CF6-48AC-A7C4-4CBAD93E5EC5}.Debug|Any CPU.Build.0 = Debug|Any CPU
		{C1C36764-5CF6-48AC-A7C4-4CBAD93E5EC5}.Release|Any CPU.ActiveCfg = Release|Any CPU
		{C1C36764-5CF6-48AC-A7C4-4CBAD93E5EC5}.Release|Any CPU.Build.0 = Release|Any CPU
	EndGlobalSection
	GlobalSection(SolutionProperties) = preSolution
		HideSolutionNode = FALSE
	EndGlobalSection
EndGlobal
